// !$*UTF8*$!
{
	archiveVersion = 1;
	classes = {
	};
	objectVersion = 50;
	objects = {

/* Begin PBXBuildFile section */
		30E133C723DB5F23005590CA /* AppDelegate.swift in Sources */ = {isa = PBXBuildFile; fileRef = 30E133C623DB5F23005590CA /* AppDelegate.swift */; };
		30E133C923DB5F23005590CA /* SceneDelegate.swift in Sources */ = {isa = PBXBuildFile; fileRef = 30E133C823DB5F23005590CA /* SceneDelegate.swift */; };
		30E133CB23DB5F23005590CA /* ViewController.swift in Sources */ = {isa = PBXBuildFile; fileRef = 30E133CA23DB5F23005590CA /* ViewController.swift */; };
		30E133CE23DB5F23005590CA /* Main.storyboard in Resources */ = {isa = PBXBuildFile; fileRef = 30E133CC23DB5F23005590CA /* Main.storyboard */; };
		30E133D023DB5F25005590CA /* Assets.xcassets in Resources */ = {isa = PBXBuildFile; fileRef = 30E133CF23DB5F25005590CA /* Assets.xcassets */; };
		30E133D323DB5F25005590CA /* LaunchScreen.storyboard in Resources */ = {isa = PBXBuildFile; fileRef = 30E133D123DB5F25005590CA /* LaunchScreen.storyboard */; };
		30E133E223DB7879005590CA /* WeatherAgent.swift in Sources */ = {isa = PBXBuildFile; fileRef = 30E133E123DB7879005590CA /* WeatherAgent.swift */; };
		30E133E423DB788F005590CA /* WInfoInstance.swift in Sources */ = {isa = PBXBuildFile; fileRef = 30E133E323DB788F005590CA /* WInfoInstance.swift */; };
/* End PBXBuildFile section */

/* Begin PBXFileReference section */
		30E133C323DB5F23005590CA /* WeatherApp.app */ = {isa = PBXFileReference; explicitFileType = wrapper.application; includeInIndex = 0; path = WeatherApp.app; sourceTree = BUILT_PRODUCTS_DIR; };
		30E133C623DB5F23005590CA /* AppDelegate.swift */ = {isa = PBXFileReference; lastKnownFileType = sourcecode.swift; path = AppDelegate.swift; sourceTree = "<group>"; };
		30E133C823DB5F23005590CA /* SceneDelegate.swift */ = {isa = PBXFileReference; lastKnownFileType = sourcecode.swift; path = SceneDelegate.swift; sourceTree = "<group>"; };
		30E133CA23DB5F23005590CA /* ViewController.swift */ = {isa = PBXFileReference; lastKnownFileType = sourcecode.swift; path = ViewController.swift; sourceTree = "<group>"; };
		30E133CD23DB5F23005590CA /* Base */ = {isa = PBXFileReference; lastKnownFileType = file.storyboard; name = Base; path = Base.lproj/Main.storyboard; sourceTree = "<group>"; };
		30E133CF23DB5F25005590CA /* Assets.xcassets */ = {isa = PBXFileReference; lastKnownFileType = folder.assetcatalog; path = Assets.xcassets; sourceTree = "<group>"; };
		30E133D223DB5F25005590CA /* Base */ = {isa = PBXFileReference; lastKnownFileType = file.storyboard; name = Base; path = Base.lproj/LaunchScreen.storyboard; sourceTree = "<group>"; };
		30E133D423DB5F25005590CA /* Info.plist */ = {isa = PBXFileReference; lastKnownFileType = text.plist.xml; path = Info.plist; sourceTree = "<group>"; };
		30E133E123DB7879005590CA /* WeatherAgent.swift */ = {isa = PBXFileReference; lastKnownFileType = sourcecode.swift; path = WeatherAgent.swift; sourceTree = "<group>"; };
		30E133E323DB788F005590CA /* WInfoInstance.swift */ = {isa = PBXFileReference; lastKnownFileType = sourcecode.swift; path = WInfoInstance.swift; sourceTree = "<group>"; };
/* End PBXFileReference section */

/* Begin PBXFrameworksBuildPhase section */
		30E133C023DB5F22005590CA /* Frameworks */ = {
			isa = PBXFrameworksBuildPhase;
			buildActionMask = 2147483647;
			files = (
			);
			runOnlyForDeploymentPostprocessing = 0;
		};
/* End PBXFrameworksBuildPhase section */

/* Begin PBXGroup section */
		30E133BA23DB5F22005590CA = {
			isa = PBXGroup;
			children = (
				30E133C523DB5F23005590CA /* WeatherApp */,
				30E133C423DB5F23005590CA /* Products */,
			);
			sourceTree = "<group>";
		};
		30E133C423DB5F23005590CA /* Products */ = {
			isa = PBXGroup;
			children = (
				30E133C323DB5F23005590CA /* WeatherApp.app */,
			);
			name = Products;
			sourceTree = "<group>";
		};
		30E133C523DB5F23005590CA /* WeatherApp */ = {
			isa = PBXGroup;
			children = (
				30E133DC23DB6905005590CA /* Classes */,
				30E133C623DB5F23005590CA /* AppDelegate.swift */,
				30E133C823DB5F23005590CA /* SceneDelegate.swift */,
				30E133CA23DB5F23005590CA /* ViewController.swift */,
				30E133CC23DB5F23005590CA /* Main.storyboard */,
				30E133CF23DB5F25005590CA /* Assets.xcassets */,
				30E133D123DB5F25005590CA /* LaunchScreen.storyboard */,
				30E133D423DB5F25005590CA /* Info.plist */,
			);
			path = WeatherApp;
			sourceTree = "<group>";
		};
		30E133DC23DB6905005590CA /* Classes */ = {
			isa = PBXGroup;
			children = (
				30E133E123DB7879005590CA /* WeatherAgent.swift */,
				30E133E323DB788F005590CA /* WInfoInstance.swift */,
			);
			path = Classes;
			sourceTree = "<group>";
		};
/* End PBXGroup section */

/* Begin PBXNativeTarget section */
		30E133C223DB5F22005590CA /* WeatherApp */ = {
			isa = PBXNativeTarget;
			buildConfigurationList = 30E133D723DB5F25005590CA /* Build configuration list for PBXNativeTarget "WeatherApp" */;
			buildPhases = (
				30E133BF23DB5F22005590CA /* Sources */,
				30E133C023DB5F22005590CA /* Frameworks */,
				30E133C123DB5F22005590CA /* Resources */,
			);
			buildRules = (
			);
			dependencies = (
			);
			name = WeatherApp;
			productName = WeatherApp;
			productReference = 30E133C323DB5F23005590CA /* WeatherApp.app */;
			productType = "com.apple.product-type.application";
		};
/* End PBXNativeTarget section */

/* Begin PBXProject section */
		30E133BB23DB5F22005590CA /* Project object */ = {
			isa = PBXProject;
			attributes = {
				LastSwiftUpdateCheck = 1130;
				LastUpgradeCheck = 1130;
				ORGANIZATIONNAME = Amantay;
				TargetAttributes = {
					30E133C223DB5F22005590CA = {
						CreatedOnToolsVersion = 11.3;
					};
				};
			};
			buildConfigurationList = 30E133BE23DB5F22005590CA /* Build configuration list for PBXProject "WeatherApp" */;
			compatibilityVersion = "Xcode 9.3";
			developmentRegion = en;
			hasScannedForEncodings = 0;
			knownRegions = (
				en,
				Base,
			);
			mainGroup = 30E133BA23DB5F22005590CA;
			productRefGroup = 30E133C423DB5F23005590CA /* Products */;
			projectDirPath = "";
			projectRoot = "";
			targets = (
				30E133C223DB5F22005590CA /* WeatherApp */,
			);
		};
/* End PBXProject section */

/* Begin PBXResourcesBuildPhase section */
		30E133C123DB5F22005590CA /* Resources */ = {
			isa = PBXResourcesBuildPhase;
			buildActionMask = 2147483647;
			files = (
				30E133D323DB5F25005590CA /* LaunchScreen.storyboard in Resources */,
				30E133D023DB5F25005590CA /* Assets.xcassets in Resources */,
				30E133CE23DB5F23005590CA /* Main.storyboard in Resources */,
			);
			runOnlyForDeploymentPostprocessing = 0;
		};
/* End PBXResourcesBuildPhase section */

/* Begin PBXSourcesBuildPhase section */
		30E133BF23DB5F22005590CA /* Sources */ = {
			isa = PBXSourcesBuildPhase;
			buildActionMask = 2147483647;
			files = (
				30E133E423DB788F005590CA /* WInfoInstance.swift in Sources */,
				30E133CB23DB5F23005590CA /* ViewController.swift in Sources */,
				30E133E223DB7879005590CA /* WeatherAgent.swift in Sources */,
				30E133C723DB5F23005590CA /* AppDelegate.swift in Sources */,
				30E133C923DB5F23005590CA /* SceneDelegate.swift in Sources */,
			);
			runOnlyForDeploymentPostprocessing = 0;
		};
/* End PBXSourcesBuildPhase section */

/* Begin PBXVariantGroup section */
		30E133CC23DB5F23005590CA /* Main.storyboard */ = {
			isa = PBXVariantGroup;
			children = (
				30E133CD23DB5F23005590CA /* Base */,
			);
			name = Main.storyboard;
			sourceTree = "<group>";
		};
		30E133D123DB5F25005590CA /* LaunchScreen.storyboard */ = {
			isa = PBXVariantGroup;
			children = (
				30E133D223DB5F25005590CA /* Base */,
			);
			name = LaunchScreen.storyboard;
			sourceTree = "<group>";
		};
/* End PBXVariantGroup section */

/* Begin XCBuildConfiguration section */
		30E133D523DB5F25005590CA /* Debug */ = {
			isa = XCBuildConfiguration;
			buildSettings = {
				ALWAYS_SEARCH_USER_PATHS = NO;
				CLANG_ANALYZER_NONNULL = YES;
				CLANG_ANALYZER_NUMBER_OBJECT_CONVERSION = YES_AGGRESSIVE;
				CLANG_CXX_LANGUAGE_STANDARD = "gnu++14";
				CLANG_CXX_LIBRARY = "libc++";
				CLANG_ENABLE_MODULES = YES;
				CLANG_ENABLE_OBJC_ARC = YES;
				CLANG_ENABLE_OBJC_WEAK = YES;
				CLANG_WARN_BLOCK_CAPTURE_AUTORELEASING = YES;
				CLANG_WARN_BOOL_CONVERSION = YES;
				CLANG_WARN_COMMA = YES;
				CLANG_WARN_CONSTANT_CONVERSION = YES;
				CLANG_WARN_DEPRECATED_OBJC_IMPLEMENTATIONS = YES;
				CLANG_WARN_DIRECT_OBJC_ISA_USAGE = YES_ERROR;
				CLANG_WARN_DOCUMENTATION_COMMENTS = YES;
				CLANG_WARN_EMPTY_BODY = YES;
				CLANG_WARN_ENUM_CONVERSION = YES;
				CLANG_WARN_INFINITE_RECURSION = YES;
				CLANG_WARN_INT_CONVERSION = YES;
				CLANG_WARN_NON_LITERAL_NULL_CONVERSION = YES;
				CLANG_WARN_OBJC_IMPLICIT_RETAIN_SELF = YES;
				CLANG_WARN_OBJC_LITERAL_CONVERSION = YES;
				CLANG_WARN_OBJC_ROOT_CLASS = YES_ERROR;
				CLANG_WARN_RANGE_LOOP_ANALYSIS = YES;
				CLANG_WARN_STRICT_PROTOTYPES = YES;
				CLANG_WARN_SUSPICIOUS_MOVE = YES;
				CLANG_WARN_UNGUARDED_AVAILABILITY = YES_AGGRESSIVE;
				CLANG_WARN_UNREACHABLE_CODE = YES;
				CLANG_WARN__DUPLICATE_METHOD_MATCH = YES;
				COPY_PHASE_STRIP = NO;
				DEBUG_INFORMATION_FORMAT = dwarf;
				ENABLE_STRICT_OBJC_MSGSEND = YES;
				ENABLE_TESTABILITY = YES;
				GCC_C_LANGUAGE_STANDARD = gnu11;
				GCC_DYNAMIC_NO_PIC = NO;
				GCC_NO_COMMON_BLOCKS = YES;
				GCC_OPTIMIZATION_LEVEL = 0;
				GCC_PREPROCESSOR_DEFINITIONS = (
					"DEBUG=1",
					"$(inherited)",
				);
				GCC_WARN_64_TO_32_BIT_CONVERSION = YES;
				GCC_WARN_ABOUT_RETURN_TYPE = YES_ERROR;
				GCC_WARN_UNDECLARED_SELECTOR = YES;
				GCC_WARN_UNINITIALIZED_AUTOS = YES_AGGRESSIVE;
				GCC_WARN_UNUSED_FUNCTION = YES;
				GCC_WARN_UNUSED_VARIABLE = YES;
				IPHONEOS_DEPLOYMENT_TARGET = 13.2;
				MTL_ENABLE_DEBUG_INFO = INCLUDE_SOURCE;
				MTL_FAST_MATH = YES;
				ONLY_ACTIVE_ARCH = YES;
				SDKROOT = iphoneos;
				SWIFT_ACTIVE_COMPILATION_CONDITIONS = DEBUG;
				SWIFT_OPTIMIZATION_LEVEL = "-Onone";
			};
			name = Debug;
		};
		30E133D623DB5F25005590CA /* Release */ = {
			isa = XCBuildConfiguration;
			buildSettings = {
				ALWAYS_SEARCH_USER_PATHS = NO;
				CLANG_ANALYZER_NONNULL = YES;
				CLANG_ANALYZER_NUMBER_OBJECT_CONVERSION = YES_AGGRESSIVE;
				CLANG_CXX_LANGUAGE_STANDARD = "gnu++14";
				CLANG_CXX_LIBRARY = "libc++";
				CLANG_ENABLE_MODULES = YES;
				CLANG_ENABLE_OBJC_ARC = YES;
				CLANG_ENABLE_OBJC_WEAK = YES;
				CLANG_WARN_BLOCK_CAPTURE_AUTORELEASING = YES;
				CLANG_WARN_BOOL_CONVERSION = YES;
				CLANG_WARN_COMMA = YES;
				CLANG_WARN_CONSTANT_CONVERSION = YES;
				CLANG_WARN_DEPRECATED_OBJC_IMPLEMENTATIONS = YES;
				CLANG_WARN_DIRECT_OBJC_ISA_USAGE = YES_ERROR;
				CLANG_WARN_DOCUMENTATION_COMMENTS = YES;
				CLANG_WARN_EMPTY_BODY = YES;
				CLANG_WARN_ENUM_CONVERSION = YES;
				CLANG_WARN_INFINITE_RECURSION = YES;
				CLANG_WARN_INT_CONVERSION = YES;
				CLANG_WARN_NON_LITERAL_NULL_CONVERSION = YES;
				CLANG_WARN_OBJC_IMPLICIT_RETAIN_SELF = YES;
				CLANG_WARN_OBJC_LITERAL_CONVERSION = YES;
				CLANG_WARN_OBJC_ROOT_CLASS = YES_ERROR;
				CLANG_WARN_RANGE_LOOP_ANALYSIS = YES;
				CLANG_WARN_STRICT_PROTOTYPES = YES;
				CLANG_WARN_SUSPICIOUS_MOVE = YES;
				CLANG_WARN_UNGUARDED_AVAILABILITY = YES_AGGRESSIVE;
				CLANG_WARN_UNREACHABLE_CODE = YES;
				CLANG_WARN__DUPLICATE_METHOD_MATCH = YES;
				COPY_PHASE_STRIP = NO;
				DEBUG_INFORMATION_FORMAT = "dwarf-with-dsym";
				ENABLE_NS_ASSERTIONS = NO;
				ENABLE_STRICT_OBJC_MSGSEND = YES;
				GCC_C_LANGUAGE_STANDARD = gnu11;
				GCC_NO_COMMON_BLOCKS = YES;
				GCC_WARN_64_TO_32_BIT_CONVERSION = YES;
				GCC_WARN_ABOUT_RETURN_TYPE = YES_ERROR;
				GCC_WARN_UNDECLARED_SELECTOR = YES;
				GCC_WARN_UNINITIALIZED_AUTOS = YES_AGGRESSIVE;
				GCC_WARN_UNUSED_FUNCTION = YES;
				GCC_WARN_UNUSED_VARIABLE = YES;
				IPHONEOS_DEPLOYMENT_TARGET = 13.2;
				MTL_ENABLE_DEBUG_INFO = NO;
				MTL_FAST_MATH = YES;
				SDKROOT = iphoneos;
				SWIFT_COMPILATION_MODE = wholemodule;
				SWIFT_OPTIMIZATION_LEVEL = "-O";
				VALIDATE_PRODUCT = YES;
			};
			name = Release;
		};
		30E133D823DB5F25005590CA /* Debug */ = {
			isa = XCBuildConfiguration;
			buildSettings = {
				ASSETCATALOG_COMPILER_APPICON_NAME = AppIcon;
				CODE_SIGN_STYLE = Automatic;
				DEVELOPMENT_TEAM = 2633WLSDWK;
				INFOPLIST_FILE = WeatherApp/Info.plist;
				IPHONEOS_DEPLOYMENT_TARGET = 13.2;
				LD_RUNPATH_SEARCH_PATHS = (
					"$(inherited)",
					"@executable_path/Frameworks",
				);
				PRODUCT_BUNDLE_IDENTIFIER = Amantay.WeatherApp;
				PRODUCT_NAME = "$(TARGET_NAME)";
				SWIFT_VERSION = 5.0;
				TARGETED_DEVICE_FAMILY = "1,2";
			};
			name = Debug;
		};
		30E133D923DB5F25005590CA /* Release */ = {
			isa = XCBuildConfiguration;
			buildSettings = {
				ASSETCATALOG_COMPILER_APPICON_NAME = AppIcon;
				CODE_SIGN_STYLE = Automatic;
				DEVELOPMENT_TEAM = 2633WLSDWK;
				INFOPLIST_FILE = WeatherApp/Info.plist;
				IPHONEOS_DEPLOYMENT_TARGET = 13.2;
				LD_RUNPATH_SEARCH_PATHS = (
					"$(inherited)",
					"@executable_path/Frameworks",
				);
				PRODUCT_BUNDLE_IDENTIFIER = Amantay.WeatherApp;
				PRODUCT_NAME = "$(TARGET_NAME)";
				SWIFT_VERSION = 5.0;
				TARGETED_DEVICE_FAMILY = "1,2";
			};
			name = Release;
		};
/* End XCBuildConfiguration section */

/* Begin XCConfigurationList section */
		30E133BE23DB5F22005590CA /* Build configuration list for PBXProject "WeatherApp" */ = {
			isa = XCConfigurationList;
			buildConfigurations = (
				30E133D523DB5F25005590CA /* Debug */,
				30E133D623DB5F25005590CA /* Release */,
			);
			defaultConfigurationIsVisible = 0;
			defaultConfigurationName = Release;
		};
		30E133D723DB5F25005590CA /* Build configuration list for PBXNativeTarget "WeatherApp" */ = {
			isa = XCConfigurationList;
			buildConfigurations = (
				30E133D823DB5F25005590CA /* Debug */,
				30E133D923DB5F25005590CA /* Release */,
			);
			defaultConfigurationIsVisible = 0;
			defaultConfigurationName = Release;
		};
/* End XCConfigurationList section */
	};
	rootObject = 30E133BB23DB5F22005590CA /* Project object */;
}
